{
  "name": "goit-node-hw-01-cli-app",
  "version": "1.0.0",
  "lockfileVersion": 3,
  "requires": true,
  "packages": {
    "": {
      "name": "goit-node-hw-01-cli-app",
      "version": "1.0.0",
      "license": "ISC",
      "dependencies": {
        "commander": "^11.0.0",
        "nanoid": "^5.0.1"
      }
    },
    "node_modules/commander": {
      "version": "11.0.0",
      "resolved": "https://registry.npmjs.org/commander/-/commander-11.0.0.tgz",
      "integrity": "sha512-9HMlXtt/BNoYr8ooyjjNRdIilOTkVJXB+GhxMTtOKwk0R4j4lS4NpjuqmRxroBfnfTSHQIHQB7wryHhXarNjmQ==",
      "engines": {
        "node": ">=16"
      }
    },
    "node_modules/nanoid": {
      "version": "5.0.1",
      "resolved": "https://registry.npmjs.org/nanoid/-/nanoid-5.0.1.tgz",
      "integrity": "sha512-vWeVtV5Cw68aML/QaZvqN/3QQXc6fBfIieAlu05m7FZW2Dgb+3f0xc0TTxuJW+7u30t7iSDTV/j3kVI0oJqIfQ==",
      "funding": [
        {
          "type": "github",
          "url": "https://github.com/sponsors/ai"
        }
      ],
      "bin": {
        "nanoid": "bin/nanoid.js"
      },
      "engines": {
        "node": "^18 || >=20"
      }
    }
  }
}
